
Microsoft Visual Studio Solution File, Format Version 12.00
# Visual Studio Version 17
VisualStudioVersion = 17.4.33213.308
MinimumVisualStudioVersion = 10.0.40219.1
Project("{FAE04EC0-301F-11D3-BF4B-00C04F79EFBC}") = "RenameAndCheckImage.Server", "Server\RenameAndCheckImage.Server.csproj", "{D19B7A36-C8F3-4B9F-80A4-A9B939F99505}"
EndProject
Project("{FAE04EC0-301F-11D3-BF4B-00C04F79EFBC}") = "RenameAndCheckImage.Client", "Client\RenameAndCheckImage.Client.csproj", "{B1CA8E0C-AAEB-4496-9043-D42DBCD13B79}"
EndProject
Project("{FAE04EC0-301F-11D3-BF4B-00C04F79EFBC}") = "RenameAndCheckImage.Shared", "Shared\RenameAndCheckImage.Shared.csproj", "{C0521A46-372E-4ED3-B8CF-DDA22587F81E}"
EndProject
Global
	GlobalSection(SolutionConfigurationPlatforms) = preSolution
		Debug|Any CPU = Debug|Any CPU
		Release|Any CPU = Release|Any CPU
	EndGlobalSection
	GlobalSection(ProjectConfigurationPlatforms) = postSolution
		{D19B7A36-C8F3-4B9F-80A4-A9B939F99505}.Debug|Any CPU.ActiveCfg = Debug|Any CPU
		{D19B7A36-C8F3-4B9F-80A4-A9B939F99505}.Debug|Any CPU.Build.0 = Debug|Any CPU
		{D19B7A36-C8F3-4B9F-80A4-A9B939F99505}.Release|Any CPU.ActiveCfg = Release|Any CPU
		{D19B7A36-C8F3-4B9F-80A4-A9B939F99505}.Release|Any CPU.Build.0 = Release|Any CPU
		{B1CA8E0C-AAEB-4496-9043-D42DBCD13B79}.Debug|Any CPU.ActiveCfg = Debug|Any CPU
		{B1CA8E0C-AAEB-4496-9043-D42DBCD13B79}.Debug|Any CPU.Build.0 = Debug|Any CPU
		{B1CA8E0C-AAEB-4496-9043-D42DBCD13B79}.Release|Any CPU.ActiveCfg = Release|Any CPU
		{B1CA8E0C-AAEB-4496-9043-D42DBCD13B79}.Release|Any CPU.Build.0 = Release|Any CPU
		{C0521A46-372E-4ED3-B8CF-DDA22587F81E}.Debug|Any CPU.ActiveCfg = Debug|Any CPU
		{C0521A46-372E-4ED3-B8CF-DDA22587F81E}.Debug|Any CPU.Build.0 = Debug|Any CPU
		{C0521A46-372E-4ED3-B8CF-DDA22587F81E}.Release|Any CPU.ActiveCfg = Release|Any CPU
		{C0521A46-372E-4ED3-B8CF-DDA22587F81E}.Release|Any CPU.Build.0 = Release|Any CPU
	EndGlobalSection
	GlobalSection(SolutionProperties) = preSolution
		HideSolutionNode = FALSE
	EndGlobalSection
	GlobalSection(ExtensibilityGlobals) = postSolution
		SolutionGuid = {8710F047-5726-42F5-98EA-C9BAC4DAE9AA}
	EndGlobalSection
EndGlobal
